
Microsoft Visual Studio Solution File, Format Version 12.00
Project("{FAE04EC0-301F-11D3-BF4B-00C04F79EFBC}") = "Day1", "Day1\Day1.csproj", "{7886038D-5787-4661-89F0-F473BCD54B90}"
EndProject
Project("{FAE04EC0-301F-11D3-BF4B-00C04F79EFBC}") = "Day2", "Day2\Day2.csproj", "{C25ACDD6-D5A7-468B-A0B8-6DD3750E17D7}"
EndProject
Project("{FAE04EC0-301F-11D3-BF4B-00C04F79EFBC}") = "Day3", "Day3\Day3.csproj", "{01E6B11B-8C28-4C16-8573-15C8BDFD25C8}"
EndProject
Project("{FAE04EC0-301F-11D3-BF4B-00C04F79EFBC}") = "Common", "Common\Common.csproj", "{E9DAFDB6-0FF4-40C2-ADBC-2102AFD38868}"
EndProject
Project("{FAE04EC0-301F-11D3-BF4B-00C04F79EFBC}") = "Day4", "Day4\Day4.csproj", "{650229A8-ABFA-48DC-A489-0E073292674A}"
EndProject
Project("{FAE04EC0-301F-11D3-BF4B-00C04F79EFBC}") = "Day5", "Day5\Day5.csproj", "{552B514D-7989-427F-AFBD-37DA0A221FC8}"
EndProject
Project("{FAE04EC0-301F-11D3-BF4B-00C04F79EFBC}") = "Day6", "Day6\Day6.csproj", "{6BEF8AA2-334E-42F5-A90A-408507E5C53C}"
EndProject
Project("{FAE04EC0-301F-11D3-BF4B-00C04F79EFBC}") = "Day7", "Day7\Day7.csproj", "{9A0F1518-BBB3-4051-8FD4-C6DF92F968C9}"
EndProject
Global
	GlobalSection(SolutionConfigurationPlatforms) = preSolution
		Debug|Any CPU = Debug|Any CPU
		Release|Any CPU = Release|Any CPU
	EndGlobalSection
	GlobalSection(ProjectConfigurationPlatforms) = postSolution
		{7886038D-5787-4661-89F0-F473BCD54B90}.Debug|Any CPU.ActiveCfg = Debug|Any CPU
		{7886038D-5787-4661-89F0-F473BCD54B90}.Debug|Any CPU.Build.0 = Debug|Any CPU
		{7886038D-5787-4661-89F0-F473BCD54B90}.Release|Any CPU.ActiveCfg = Release|Any CPU
		{7886038D-5787-4661-89F0-F473BCD54B90}.Release|Any CPU.Build.0 = Release|Any CPU
		{C25ACDD6-D5A7-468B-A0B8-6DD3750E17D7}.Debug|Any CPU.ActiveCfg = Debug|Any CPU
		{C25ACDD6-D5A7-468B-A0B8-6DD3750E17D7}.Debug|Any CPU.Build.0 = Debug|Any CPU
		{C25ACDD6-D5A7-468B-A0B8-6DD3750E17D7}.Release|Any CPU.ActiveCfg = Release|Any CPU
		{C25ACDD6-D5A7-468B-A0B8-6DD3750E17D7}.Release|Any CPU.Build.0 = Release|Any CPU
		{01E6B11B-8C28-4C16-8573-15C8BDFD25C8}.Debug|Any CPU.ActiveCfg = Debug|Any CPU
		{01E6B11B-8C28-4C16-8573-15C8BDFD25C8}.Debug|Any CPU.Build.0 = Debug|Any CPU
		{01E6B11B-8C28-4C16-8573-15C8BDFD25C8}.Release|Any CPU.ActiveCfg = Release|Any CPU
		{01E6B11B-8C28-4C16-8573-15C8BDFD25C8}.Release|Any CPU.Build.0 = Release|Any CPU
		{E9DAFDB6-0FF4-40C2-ADBC-2102AFD38868}.Debug|Any CPU.ActiveCfg = Debug|Any CPU
		{E9DAFDB6-0FF4-40C2-ADBC-2102AFD38868}.Debug|Any CPU.Build.0 = Debug|Any CPU
		{E9DAFDB6-0FF4-40C2-ADBC-2102AFD38868}.Release|Any CPU.ActiveCfg = Release|Any CPU
		{E9DAFDB6-0FF4-40C2-ADBC-2102AFD38868}.Release|Any CPU.Build.0 = Release|Any CPU
		{650229A8-ABFA-48DC-A489-0E073292674A}.Debug|Any CPU.ActiveCfg = Debug|Any CPU
		{650229A8-ABFA-48DC-A489-0E073292674A}.Debug|Any CPU.Build.0 = Debug|Any CPU
		{650229A8-ABFA-48DC-A489-0E073292674A}.Release|Any CPU.ActiveCfg = Release|Any CPU
		{650229A8-ABFA-48DC-A489-0E073292674A}.Release|Any CPU.Build.0 = Release|Any CPU
		{552B514D-7989-427F-AFBD-37DA0A221FC8}.Debug|Any CPU.ActiveCfg = Debug|Any CPU
		{552B514D-7989-427F-AFBD-37DA0A221FC8}.Debug|Any CPU.Build.0 = Debug|Any CPU
		{552B514D-7989-427F-AFBD-37DA0A221FC8}.Release|Any CPU.ActiveCfg = Release|Any CPU
		{552B514D-7989-427F-AFBD-37DA0A221FC8}.Release|Any CPU.Build.0 = Release|Any CPU
		{6BEF8AA2-334E-42F5-A90A-408507E5C53C}.Debug|Any CPU.ActiveCfg = Debug|Any CPU
		{6BEF8AA2-334E-42F5-A90A-408507E5C53C}.Debug|Any CPU.Build.0 = Debug|Any CPU
		{6BEF8AA2-334E-42F5-A90A-408507E5C53C}.Release|Any CPU.ActiveCfg = Release|Any CPU
		{6BEF8AA2-334E-42F5-A90A-408507E5C53C}.Release|Any CPU.Build.0 = Release|Any CPU
		{9A0F1518-BBB3-4051-8FD4-C6DF92F968C9}.Debug|Any CPU.ActiveCfg = Debug|Any CPU
		{9A0F1518-BBB3-4051-8FD4-C6DF92F968C9}.Debug|Any CPU.Build.0 = Debug|Any CPU
		{9A0F1518-BBB3-4051-8FD4-C6DF92F968C9}.Release|Any CPU.ActiveCfg = Release|Any CPU
		{9A0F1518-BBB3-4051-8FD4-C6DF92F968C9}.Release|Any CPU.Build.0 = Release|Any CPU
	EndGlobalSection
EndGlobal
